// !$*UTF8*$!
{
	archiveVersion = 1;
	classes = {
	};
	objectVersion = 46;
	objects = {

/* Begin PBXBuildFile section */
		9B27A0FA19B401CE0000B49E /* ViewControllerMore.m in Sources */ = {isa = PBXBuildFile; fileRef = 9B27A0F919B401CE0000B49E /* ViewControllerMore.m */; };
		9B39516F19B56CA900E79131 /* ViewControllerFav.m in Sources */ = {isa = PBXBuildFile; fileRef = 9B39516E19B56CA900E79131 /* ViewControllerFav.m */; };
		9B39517519B5797F00E79131 /* SGFocusImageFrame.m in Sources */ = {isa = PBXBuildFile; fileRef = 9B39517319B5797F00E79131 /* SGFocusImageFrame.m */; };
		9B39517A19B5808200E79131 /* banner1.png in Resources */ = {isa = PBXBuildFile; fileRef = 9B39517619B5808200E79131 /* banner1.png */; };
		9B39517B19B5808200E79131 /* banner2.png in Resources */ = {isa = PBXBuildFile; fileRef = 9B39517719B5808200E79131 /* banner2.png */; };
		9B39517C19B5808200E79131 /* banner3.png in Resources */ = {isa = PBXBuildFile; fileRef = 9B39517819B5808200E79131 /* banner3.png */; };
		9B39518019B6E2E500E79131 /* ViewControllerProduct.m in Sources */ = {isa = PBXBuildFile; fileRef = 9B39517F19B6E2E500E79131 /* ViewControllerProduct.m */; };
		9B4228E219B1A0F700C1F582 /* Foundation.framework in Frameworks */ = {isa = PBXBuildFile; fileRef = 9B4228E119B1A0F700C1F582 /* Foundation.framework */; };
		9B4228E419B1A0F700C1F582 /* CoreGraphics.framework in Frameworks */ = {isa = PBXBuildFile; fileRef = 9B4228E319B1A0F700C1F582 /* CoreGraphics.framework */; };
		9B4228E619B1A0F700C1F582 /* UIKit.framework in Frameworks */ = {isa = PBXBuildFile; fileRef = 9B4228E519B1A0F700C1F582 /* UIKit.framework */; };
		9B4228EC19B1A0F700C1F582 /* InfoPlist.strings in Resources */ = {isa = PBXBuildFile; fileRef = 9B4228EA19B1A0F700C1F582 /* InfoPlist.strings */; };
		9B4228EE19B1A0F700C1F582 /* main.m in Sources */ = {isa = PBXBuildFile; fileRef = 9B4228ED19B1A0F700C1F582 /* main.m */; };
		9B4228F219B1A0F700C1F582 /* AppDelegate.m in Sources */ = {isa = PBXBuildFile; fileRef = 9B4228F119B1A0F700C1F582 /* AppDelegate.m */; };
		9B4228F519B1A0F700C1F582 /* Main.storyboard in Resources */ = {isa = PBXBuildFile; fileRef = 9B4228F319B1A0F700C1F582 /* Main.storyboard */; };
		9B4228F819B1A0F700C1F582 /* MoreViewController.m in Sources */ = {isa = PBXBuildFile; fileRef = 9B4228F719B1A0F700C1F582 /* MoreViewController.m */; };
		9B4228FB19B1A0F700C1F582 /* SecondViewController.m in Sources */ = {isa = PBXBuildFile; fileRef = 9B4228FA19B1A0F700C1F582 /* SecondViewController.m */; };
		9B4228FD19B1A0F700C1F582 /* Images.xcassets in Resources */ = {isa = PBXBuildFile; fileRef = 9B4228FC19B1A0F700C1F582 /* Images.xcassets */; };
		9B42290419B1A0F700C1F582 /* XCTest.framework in Frameworks */ = {isa = PBXBuildFile; fileRef = 9B42290319B1A0F700C1F582 /* XCTest.framework */; };
		9B42290519B1A0F700C1F582 /* Foundation.framework in Frameworks */ = {isa = PBXBuildFile; fileRef = 9B4228E119B1A0F700C1F582 /* Foundation.framework */; };
		9B42290619B1A0F700C1F582 /* UIKit.framework in Frameworks */ = {isa = PBXBuildFile; fileRef = 9B4228E519B1A0F700C1F582 /* UIKit.framework */; };
		9B42290E19B1A0F700C1F582 /* InfoPlist.strings in Resources */ = {isa = PBXBuildFile; fileRef = 9B42290C19B1A0F700C1F582 /* InfoPlist.strings */; };
		9B42291019B1A0F700C1F582 /* baiduTests.m in Sources */ = {isa = PBXBuildFile; fileRef = 9B42290F19B1A0F700C1F582 /* baiduTests.m */; };
		9B4436E219C8272000557CF9 /* HttpTask.m in Sources */ = {isa = PBXBuildFile; fileRef = 9B4436E119C8272000557CF9 /* HttpTask.m */; };
		9B4436E519C8284A00557CF9 /* UITableViewMy.m in Sources */ = {isa = PBXBuildFile; fileRef = 9B4436E419C8284A00557CF9 /* UITableViewMy.m */; };
		9B612BE919BE943300C5D310 /* ViewProFav.xib in Resources */ = {isa = PBXBuildFile; fileRef = 9B612BE819BE943300C5D310 /* ViewProFav.xib */; };
		9B7E124B19C15C8A00659D97 /* HttpGetImage.m in Sources */ = {isa = PBXBuildFile; fileRef = 9B7E124A19C15C8A00659D97 /* HttpGetImage.m */; };
		9B7E124F19C15D4600659D97 /* DataMake.m in Sources */ = {isa = PBXBuildFile; fileRef = 9B7E124E19C15D4600659D97 /* DataMake.m */; };
		9B7E125619C1825500659D97 /* SGFocusImageItem.m in Sources */ = {isa = PBXBuildFile; fileRef = 9B7E125519C1825500659D97 /* SGFocusImageItem.m */; };
		9B88159C19C25B500079EF91 /* ViewController3My.m in Sources */ = {isa = PBXBuildFile; fileRef = 9B88159B19C25B500079EF91 /* ViewController3My.m */; };
		9BB8B86219B7DE70005F43B2 /* ViewControllerMy.m in Sources */ = {isa = PBXBuildFile; fileRef = 9BB8B86119B7DE70005F43B2 /* ViewControllerMy.m */; };
		9BC0282819BEF80000BB5766 /* PopoverView.m in Sources */ = {isa = PBXBuildFile; fileRef = 9BC0282219BEF80000BB5766 /* PopoverView.m */; };
		9BC0282919BEF80000BB5766 /* SHLineGraphView.m in Sources */ = {isa = PBXBuildFile; fileRef = 9BC0282519BEF80000BB5766 /* SHLineGraphView.m */; };
		9BC0282A19BEF80000BB5766 /* SHPlot.m in Sources */ = {isa = PBXBuildFile; fileRef = 9BC0282719BEF80000BB5766 /* SHPlot.m */; };
		9BC0282E19BEFD5400BB5766 /* ViewController2My.m in Sources */ = {isa = PBXBuildFile; fileRef = 9BC0282D19BEFD5400BB5766 /* ViewController2My.m */; };
		9BC0283019BEFDE900BB5766 /* ViewProMy.xib in Resources */ = {isa = PBXBuildFile; fileRef = 9BC0282F19BEFDE900BB5766 /* ViewProMy.xib */; };
		9BC0283319C0577000BB5766 /* ViewControllerBase.m in Sources */ = {isa = PBXBuildFile; fileRef = 9BC0283219C0576E00BB5766 /* ViewControllerBase.m */; };
		9BC0287119C1CA6600C7BBDB /* ViewController2Web.m in Sources */ = {isa = PBXBuildFile; fileRef = 9BC0287019C1CA6600C7BBDB /* ViewController2Web.m */; };
		9BC0287419C1DAD700C7BBDB /* HttpGetData.m in Sources */ = {isa = PBXBuildFile; fileRef = 9BC0287319C1DAD700C7BBDB /* HttpGetData.m */; };
		9BC0287719C1E0D200C7BBDB /* Bean.m in Sources */ = {isa = PBXBuildFile; fileRef = 9BC0287619C1E0D200C7BBDB /* Bean.m */; };
		9BC06FB019B9E96D009060CF /* YYLockView.m in Sources */ = {isa = PBXBuildFile; fileRef = 9BC06FAF19B9E96D009060CF /* YYLockView.m */; };
		9BC06FBE19BADBF1009060CF /* ViewController2Lock.m in Sources */ = {isa = PBXBuildFile; fileRef = 9BC06FBD19BADBF1009060CF /* ViewController2Lock.m */; };
		9BC06FC119BAF935009060CF /* ViewController2Pro.m in Sources */ = {isa = PBXBuildFile; fileRef = 9BC06FC019BAF935009060CF /* ViewController2Pro.m */; };
		9BC06FC319BB08A1009060CF /* ViewPro.xib in Resources */ = {isa = PBXBuildFile; fileRef = 9BC06FC219BB08A0009060CF /* ViewPro.xib */; };
		9BE352D219B43765008B4467 /* bakeup.storyboard in Resources */ = {isa = PBXBuildFile; fileRef = 9BE352D119B43765008B4467 /* bakeup.storyboard */; };
		9BE8CC3719C2F79200703B12 /* ViewMyTop.xib in Resources */ = {isa = PBXBuildFile; fileRef = 9BE8CC3619C2F79200703B12 /* ViewMyTop.xib */; };
/* End PBXBuildFile section */

/* Begin PBXContainerItemProxy section */
		9B42290719B1A0F700C1F582 /* PBXContainerItemProxy */ = {
			isa = PBXContainerItemProxy;
			containerPortal = 9B4228D619B1A0F700C1F582 /* Project object */;
			proxyType = 1;
			remoteGlobalIDString = 9B4228DD19B1A0F700C1F582;
			remoteInfo = baidu;
		};
/* End PBXContainerItemProxy section */

/* Begin PBXFileReference section */
		9B27A0F819B401CD0000B49E /* ViewControllerMore.h */ = {isa = PBXFileReference; fileEncoding = 4; lastKnownFileType = sourcecode.c.h; path = ViewControllerMore.h; sourceTree = "<group>"; };
		9B27A0F919B401CE0000B49E /* ViewControllerMore.m */ = {isa = PBXFileReference; fileEncoding = 4; lastKnownFileType = sourcecode.c.objc; path = ViewControllerMore.m; sourceTree = "<group>"; };
		9B39516D19B56CA900E79131 /* ViewControllerFav.h */ = {isa = PBXFileReference; fileEncoding = 4; lastKnownFileType = sourcecode.c.h; path = ViewControllerFav.h; sourceTree = "<group>"; };
		9B39516E19B56CA900E79131 /* ViewControllerFav.m */ = {isa = PBXFileReference; fileEncoding = 4; lastKnownFileType = sourcecode.c.objc; path = ViewControllerFav.m; sourceTree = "<group>"; };
		9B39517219B5797F00E79131 /* SGFocusImageFrame.h */ = {isa = PBXFileReference; fileEncoding = 4; lastKnownFileType = sourcecode.c.h; path = SGFocusImageFrame.h; sourceTree = "<group>"; };
		9B39517319B5797F00E79131 /* SGFocusImageFrame.m */ = {isa = PBXFileReference; fileEncoding = 4; lastKnownFileType = sourcecode.c.objc; path = SGFocusImageFrame.m; sourceTree = "<group>"; };
		9B39517619B5808200E79131 /* banner1.png */ = {isa = PBXFileReference; lastKnownFileType = image.png; name = banner1.png; path = resource/focus_image/banner1.png; sourceTree = "<group>"; };
		9B39517719B5808200E79131 /* banner2.png */ = {isa = PBXFileReference; lastKnownFileType = image.png; name = banner2.png; path = resource/focus_image/banner2.png; sourceTree = "<group>"; };
		9B39517819B5808200E79131 /* banner3.png */ = {isa = PBXFileReference; lastKnownFileType = image.png; name = banner3.png; path = resource/focus_image/banner3.png; sourceTree = "<group>"; };
		9B39517E19B6E2E500E79131 /* ViewControllerProduct.h */ = {isa = PBXFileReference; fileEncoding = 4; lastKnownFileType = sourcecode.c.h; path = ViewControllerProduct.h; sourceTree = "<group>"; };
		9B39517F19B6E2E500E79131 /* ViewControllerProduct.m */ = {isa = PBXFileReference; fileEncoding = 4; lastKnownFileType = sourcecode.c.objc; path = ViewControllerProduct.m; sourceTree = "<group>"; };
		9B4228DE19B1A0F700C1F582 /* baidu.app */ = {isa = PBXFileReference; explicitFileType = wrapper.application; includeInIndex = 0; path = baidu.app; sourceTree = BUILT_PRODUCTS_DIR; };
		9B4228E119B1A0F700C1F582 /* Foundation.framework */ = {isa = PBXFileReference; lastKnownFileType = wrapper.framework; name = Foundation.framework; path = System/Library/Frameworks/Foundation.framework; sourceTree = SDKROOT; };
		9B4228E319B1A0F700C1F582 /* CoreGraphics.framework */ = {isa = PBXFileReference; lastKnownFileType = wrapper.framework; name = CoreGraphics.framework; path = System/Library/Frameworks/CoreGraphics.framework; sourceTree = SDKROOT; };
		9B4228E519B1A0F700C1F582 /* UIKit.framework */ = {isa = PBXFileReference; lastKnownFileType = wrapper.framework; name = UIKit.framework; path = System/Library/Frameworks/UIKit.framework; sourceTree = SDKROOT; };
		9B4228E919B1A0F700C1F582 /* baidu-Info.plist */ = {isa = PBXFileReference; lastKnownFileType = text.plist.xml; path = "baidu-Info.plist"; sourceTree = "<group>"; };
		9B4228EB19B1A0F700C1F582 /* en */ = {isa = PBXFileReference; lastKnownFileType = text.plist.strings; name = en; path = en.lproj/InfoPlist.strings; sourceTree = "<group>"; };
		9B4228ED19B1A0F700C1F582 /* main.m */ = {isa = PBXFileReference; lastKnownFileType = sourcecode.c.objc; path = main.m; sourceTree = "<group>"; };
		9B4228EF19B1A0F700C1F582 /* baidu-Prefix.pch */ = {isa = PBXFileReference; lastKnownFileType = sourcecode.c.h; path = "baidu-Prefix.pch"; sourceTree = "<group>"; };
		9B4228F019B1A0F700C1F582 /* AppDelegate.h */ = {isa = PBXFileReference; lastKnownFileType = sourcecode.c.h; path = AppDelegate.h; sourceTree = "<group>"; };
		9B4228F119B1A0F700C1F582 /* AppDelegate.m */ = {isa = PBXFileReference; lastKnownFileType = sourcecode.c.objc; path = AppDelegate.m; sourceTree = "<group>"; };
		9B4228F419B1A0F700C1F582 /* Base */ = {isa = PBXFileReference; lastKnownFileType = file.storyboard; name = Base; path = Base.lproj/Main.storyboard; sourceTree = "<group>"; };
		9B4228F619B1A0F700C1F582 /* MoreViewController.h */ = {isa = PBXFileReference; lastKnownFileType = sourcecode.c.h; path = MoreViewController.h; sourceTree = "<group>"; };
		9B4228F719B1A0F700C1F582 /* MoreViewController.m */ = {isa = PBXFileReference; lastKnownFileType = sourcecode.c.objc; path = MoreViewController.m; sourceTree = "<group>"; };
		9B4228F919B1A0F700C1F582 /* SecondViewController.h */ = {isa = PBXFileReference; lastKnownFileType = sourcecode.c.h; path = SecondViewController.h; sourceTree = "<group>"; };
		9B4228FA19B1A0F700C1F582 /* SecondViewController.m */ = {isa = PBXFileReference; lastKnownFileType = sourcecode.c.objc; path = SecondViewController.m; sourceTree = "<group>"; };
		9B4228FC19B1A0F700C1F582 /* Images.xcassets */ = {isa = PBXFileReference; lastKnownFileType = folder.assetcatalog; path = Images.xcassets; sourceTree = "<group>"; };
		9B42290219B1A0F700C1F582 /* baiduTests.xctest */ = {isa = PBXFileReference; explicitFileType = wrapper.cfbundle; includeInIndex = 0; path = baiduTests.xctest; sourceTree = BUILT_PRODUCTS_DIR; };
		9B42290319B1A0F700C1F582 /* XCTest.framework */ = {isa = PBXFileReference; lastKnownFileType = wrapper.framework; name = XCTest.framework; path = Library/Frameworks/XCTest.framework; sourceTree = DEVELOPER_DIR; };
		9B42290B19B1A0F700C1F582 /* baiduTests-Info.plist */ = {isa = PBXFileReference; lastKnownFileType = text.plist.xml; path = "baiduTests-Info.plist"; sourceTree = "<group>"; };
		9B42290D19B1A0F700C1F582 /* en */ = {isa = PBXFileReference; lastKnownFileType = text.plist.strings; name = en; path = en.lproj/InfoPlist.strings; sourceTree = "<group>"; };
		9B42290F19B1A0F700C1F582 /* baiduTests.m */ = {isa = PBXFileReference; lastKnownFileType = sourcecode.c.objc; path = baiduTests.m; sourceTree = "<group>"; };
		9B4436E019C8272000557CF9 /* HttpTask.h */ = {isa = PBXFileReference; fileEncoding = 4; lastKnownFileType = sourcecode.c.h; path = HttpTask.h; sourceTree = "<group>"; };
		9B4436E119C8272000557CF9 /* HttpTask.m */ = {isa = PBXFileReference; fileEncoding = 4; lastKnownFileType = sourcecode.c.objc; path = HttpTask.m; sourceTree = "<group>"; };
		9B4436E319C8284A00557CF9 /* UITableViewMy.h */ = {isa = PBXFileReference; fileEncoding = 4; lastKnownFileType = sourcecode.c.h; path = UITableViewMy.h; sourceTree = "<group>"; };
		9B4436E419C8284A00557CF9 /* UITableViewMy.m */ = {isa = PBXFileReference; fileEncoding = 4; lastKnownFileType = sourcecode.c.objc; path = UITableViewMy.m; sourceTree = "<group>"; };
		9B612BE819BE943300C5D310 /* ViewProFav.xib */ = {isa = PBXFileReference; fileEncoding = 4; lastKnownFileType = file.xib; path = ViewProFav.xib; sourceTree = "<group>"; };
		9B7E124919C15C8A00659D97 /* HttpGetImage.h */ = {isa = PBXFileReference; fileEncoding = 4; lastKnownFileType = sourcecode.c.h; path = HttpGetImage.h; sourceTree = "<group>"; };
		9B7E124A19C15C8A00659D97 /* HttpGetImage.m */ = {isa = PBXFileReference; fileEncoding = 4; lastKnownFileType = sourcecode.c.objc; path = HttpGetImage.m; sourceTree = "<group>"; };
		9B7E124D19C15D4600659D97 /* DataMake.h */ = {isa = PBXFileReference; fileEncoding = 4; lastKnownFileType = sourcecode.c.h; path = DataMake.h; sourceTree = "<group>"; };
		9B7E124E19C15D4600659D97 /* DataMake.m */ = {isa = PBXFileReference; fileEncoding = 4; lastKnownFileType = sourcecode.c.objc; path = DataMake.m; sourceTree = "<group>"; };
		9B7E125419C1825500659D97 /* SGFocusImageItem.h */ = {isa = PBXFileReference; fileEncoding = 4; lastKnownFileType = sourcecode.c.h; path = SGFocusImageItem.h; sourceTree = "<group>"; };
		9B7E125519C1825500659D97 /* SGFocusImageItem.m */ = {isa = PBXFileReference; fileEncoding = 4; lastKnownFileType = sourcecode.c.objc; path = SGFocusImageItem.m; sourceTree = "<group>"; };
		9B88159A19C25B500079EF91 /* ViewController3My.h */ = {isa = PBXFileReference; fileEncoding = 4; lastKnownFileType = sourcecode.c.h; path = ViewController3My.h; sourceTree = "<group>"; };
		9B88159B19C25B500079EF91 /* ViewController3My.m */ = {isa = PBXFileReference; fileEncoding = 4; lastKnownFileType = sourcecode.c.objc; path = ViewController3My.m; sourceTree = "<group>"; };
		9BB8B86019B7DE70005F43B2 /* ViewControllerMy.h */ = {isa = PBXFileReference; fileEncoding = 4; lastKnownFileType = sourcecode.c.h; path = ViewControllerMy.h; sourceTree = "<group>"; };
		9BB8B86119B7DE70005F43B2 /* ViewControllerMy.m */ = {isa = PBXFileReference; fileEncoding = 4; lastKnownFileType = sourcecode.c.objc; path = ViewControllerMy.m; sourceTree = "<group>"; };
		9BC0282019BEF80000BB5766 /* PopoverView_Configuration.h */ = {isa = PBXFileReference; fileEncoding = 4; lastKnownFileType = sourcecode.c.h; path = PopoverView_Configuration.h; sourceTree = "<group>"; };
		9BC0282119BEF80000BB5766 /* PopoverView.h */ = {isa = PBXFileReference; fileEncoding = 4; lastKnownFileType = sourcecode.c.h; path = PopoverView.h; sourceTree = "<group>"; };
		9BC0282219BEF80000BB5766 /* PopoverView.m */ = {isa = PBXFileReference; fileEncoding = 4; lastKnownFileType = sourcecode.c.objc; path = PopoverView.m; sourceTree = "<group>"; };
		9BC0282319BEF80000BB5766 /* PopoverViewCompatibility.h */ = {isa = PBXFileReference; fileEncoding = 4; lastKnownFileType = sourcecode.c.h; path = PopoverViewCompatibility.h; sourceTree = "<group>"; };
		9BC0282419BEF80000BB5766 /* SHLineGraphView.h */ = {isa = PBXFileReference; fileEncoding = 4; lastKnownFileType = sourcecode.c.h; path = SHLineGraphView.h; sourceTree = "<group>"; };
		9BC0282519BEF80000BB5766 /* SHLineGraphView.m */ = {isa = PBXFileReference; fileEncoding = 4; lastKnownFileType = sourcecode.c.objc; path = SHLineGraphView.m; sourceTree = "<group>"; };
		9BC0282619BEF80000BB5766 /* SHPlot.h */ = {isa = PBXFileReference; fileEncoding = 4; lastKnownFileType = sourcecode.c.h; path = SHPlot.h; sourceTree = "<group>"; };
		9BC0282719BEF80000BB5766 /* SHPlot.m */ = {isa = PBXFileReference; fileEncoding = 4; lastKnownFileType = sourcecode.c.objc; path = SHPlot.m; sourceTree = "<group>"; };
		9BC0282C19BEFD5400BB5766 /* ViewController2My.h */ = {isa = PBXFileReference; fileEncoding = 4; lastKnownFileType = sourcecode.c.h; path = ViewController2My.h; sourceTree = "<group>"; };
		9BC0282D19BEFD5400BB5766 /* ViewController2My.m */ = {isa = PBXFileReference; fileEncoding = 4; lastKnownFileType = sourcecode.c.objc; path = ViewController2My.m; sourceTree = "<group>"; };
		9BC0282F19BEFDE900BB5766 /* ViewProMy.xib */ = {isa = PBXFileReference; fileEncoding = 4; lastKnownFileType = file.xib; path = ViewProMy.xib; sourceTree = "<group>"; };
		9BC0283119C0576E00BB5766 /* ViewControllerBase.h */ = {isa = PBXFileReference; fileEncoding = 4; lastKnownFileType = sourcecode.c.h; path = ViewControllerBase.h; sourceTree = "<group>"; };
		9BC0283219C0576E00BB5766 /* ViewControllerBase.m */ = {isa = PBXFileReference; fileEncoding = 4; lastKnownFileType = sourcecode.c.objc; path = ViewControllerBase.m; sourceTree = "<group>"; };
		9BC0286F19C1CA6600C7BBDB /* ViewController2Web.h */ = {isa = PBXFileReference; fileEncoding = 4; lastKnownFileType = sourcecode.c.h; path = ViewController2Web.h; sourceTree = "<group>"; };
		9BC0287019C1CA6600C7BBDB /* ViewController2Web.m */ = {isa = PBXFileReference; fileEncoding = 4; lastKnownFileType = sourcecode.c.objc; path = ViewController2Web.m; sourceTree = "<group>"; };
		9BC0287219C1DAD700C7BBDB /* HttpGetData.h */ = {isa = PBXFileReference; fileEncoding = 4; lastKnownFileType = sourcecode.c.h; path = HttpGetData.h; sourceTree = "<group>"; };
		9BC0287319C1DAD700C7BBDB /* HttpGetData.m */ = {isa = PBXFileReference; fileEncoding = 4; lastKnownFileType = sourcecode.c.objc; path = HttpGetData.m; sourceTree = "<group>"; };
		9BC0287519C1E0D200C7BBDB /* Bean.h */ = {isa = PBXFileReference; fileEncoding = 4; lastKnownFileType = sourcecode.c.h; path = Bean.h; sourceTree = "<group>"; };
		9BC0287619C1E0D200C7BBDB /* Bean.m */ = {isa = PBXFileReference; fileEncoding = 4; lastKnownFileType = sourcecode.c.objc; path = Bean.m; sourceTree = "<group>"; };
		9BC06FAE19B9E96D009060CF /* YYLockView.h */ = {isa = PBXFileReference; fileEncoding = 4; lastKnownFileType = sourcecode.c.h; path = YYLockView.h; sourceTree = "<group>"; };
		9BC06FAF19B9E96D009060CF /* YYLockView.m */ = {isa = PBXFileReference; fileEncoding = 4; lastKnownFileType = sourcecode.c.objc; path = YYLockView.m; sourceTree = "<group>"; };
		9BC06FBC19BADBF1009060CF /* ViewController2Lock.h */ = {isa = PBXFileReference; fileEncoding = 4; lastKnownFileType = sourcecode.c.h; path = ViewController2Lock.h; sourceTree = "<group>"; };
		9BC06FBD19BADBF1009060CF /* ViewController2Lock.m */ = {isa = PBXFileReference; fileEncoding = 4; lastKnownFileType = sourcecode.c.objc; path = ViewController2Lock.m; sourceTree = "<group>"; };
		9BC06FBF19BAF935009060CF /* ViewController2Pro.h */ = {isa = PBXFileReference; fileEncoding = 4; lastKnownFileType = sourcecode.c.h; path = ViewController2Pro.h; sourceTree = "<group>"; };
		9BC06FC019BAF935009060CF /* ViewController2Pro.m */ = {isa = PBXFileReference; fileEncoding = 4; lastKnownFileType = sourcecode.c.objc; path = ViewController2Pro.m; sourceTree = "<group>"; };
		9BC06FC219BB08A0009060CF /* ViewPro.xib */ = {isa = PBXFileReference; fileEncoding = 4; lastKnownFileType = file.xib; path = ViewPro.xib; sourceTree = "<group>"; };
		9BE352D119B43765008B4467 /* bakeup.storyboard */ = {isa = PBXFileReference; fileEncoding = 4; lastKnownFileType = file.storyboard; path = bakeup.storyboard; sourceTree = "<group>"; };
		9BE8CC3619C2F79200703B12 /* ViewMyTop.xib */ = {isa = PBXFileReference; fileEncoding = 4; lastKnownFileType = file.xib; path = ViewMyTop.xib; sourceTree = "<group>"; };
/* End PBXFileReference section */

/* Begin PBXFrameworksBuildPhase section */
		9B4228DB19B1A0F700C1F582 /* Frameworks */ = {
			isa = PBXFrameworksBuildPhase;
			buildActionMask = 2147483647;
			files = (
				9B4228E419B1A0F700C1F582 /* CoreGraphics.framework in Frameworks */,
				9B4228E619B1A0F700C1F582 /* UIKit.framework in Frameworks */,
				9B4228E219B1A0F700C1F582 /* Foundation.framework in Frameworks */,
			);
			runOnlyForDeploymentPostprocessing = 0;
		};
		9B4228FF19B1A0F700C1F582 /* Frameworks */ = {
			isa = PBXFrameworksBuildPhase;
			buildActionMask = 2147483647;
			files = (
				9B42290419B1A0F700C1F582 /* XCTest.framework in Frameworks */,
				9B42290619B1A0F700C1F582 /* UIKit.framework in Frameworks */,
				9B42290519B1A0F700C1F582 /* Foundation.framework in Frameworks */,
			);
			runOnlyForDeploymentPostprocessing = 0;
		};
/* End PBXFrameworksBuildPhase section */

/* Begin PBXGroup section */
		9B39516319B56A6C00E79131 /* focus */ = {
			isa = PBXGroup;
			children = (
				9B7E125419C1825500659D97 /* SGFocusImageItem.h */,
				9B7E125519C1825500659D97 /* SGFocusImageItem.m */,
				9B39517219B5797F00E79131 /* SGFocusImageFrame.h */,
				9B39517319B5797F00E79131 /* SGFocusImageFrame.m */,
			);
			name = focus;
			sourceTree = "<group>";
		};
		9B39516C19B56C4600E79131 /* focus_image */ = {
			isa = PBXGroup;
			children = (
				9B39517619B5808200E79131 /* banner1.png */,
				9B39517719B5808200E79131 /* banner2.png */,
				9B39517819B5808200E79131 /* banner3.png */,
			);
			name = focus_image;
			sourceTree = "<group>";
		};
		9B4228D519B1A0F700C1F582 = {
			isa = PBXGroup;
			children = (
				9B4228E719B1A0F700C1F582 /* baidu */,
				9B42290919B1A0F700C1F582 /* baiduTests */,
				9B4228E019B1A0F700C1F582 /* Frameworks */,
				9B4228DF19B1A0F700C1F582 /* Products */,
			);
			sourceTree = "<group>";
		};
		9B4228DF19B1A0F700C1F582 /* Products */ = {
			isa = PBXGroup;
			children = (
				9B4228DE19B1A0F700C1F582 /* baidu.app */,
				9B42290219B1A0F700C1F582 /* baiduTests.xctest */,
			);
			name = Products;
			sourceTree = "<group>";
		};
		9B4228E019B1A0F700C1F582 /* Frameworks */ = {
			isa = PBXGroup;
			children = (
				9B4228E119B1A0F700C1F582 /* Foundation.framework */,
				9B4228E319B1A0F700C1F582 /* CoreGraphics.framework */,
				9B4228E519B1A0F700C1F582 /* UIKit.framework */,
				9B42290319B1A0F700C1F582 /* XCTest.framework */,
			);
			name = Frameworks;
			sourceTree = "<group>";
		};
		9B4228E719B1A0F700C1F582 /* baidu */ = {
			isa = PBXGroup;
			children = (
				9B4436E319C8284A00557CF9 /* UITableViewMy.h */,
				9B4436E419C8284A00557CF9 /* UITableViewMy.m */,
				9B4228F019B1A0F700C1F582 /* AppDelegate.h */,
				9B4228F119B1A0F700C1F582 /* AppDelegate.m */,
				9BC0286E19C1C9FC00C7BBDB /* xib */,
				9B4228F919B1A0F700C1F582 /* SecondViewController.h */,
				9B4228FA19B1A0F700C1F582 /* SecondViewController.m */,
				9B4228E819B1A0F700C1F582 /* Supporting Files */,
				9B27A0F819B401CD0000B49E /* ViewControllerMore.h */,
				9B27A0F919B401CE0000B49E /* ViewControllerMore.m */,
				9B39516D19B56CA900E79131 /* ViewControllerFav.h */,
				9B39516E19B56CA900E79131 /* ViewControllerFav.m */,
				9B39517E19B6E2E500E79131 /* ViewControllerProduct.h */,
				9B39517F19B6E2E500E79131 /* ViewControllerProduct.m */,
				9BB8B86019B7DE70005F43B2 /* ViewControllerMy.h */,
				9BB8B86119B7DE70005F43B2 /* ViewControllerMy.m */,
				9BC06FBB19B9F97A009060CF /* lib */,
				9BC06FBC19BADBF1009060CF /* ViewController2Lock.h */,
				9BC06FBD19BADBF1009060CF /* ViewController2Lock.m */,
				9BC06FBF19BAF935009060CF /* ViewController2Pro.h */,
				9BC06FC019BAF935009060CF /* ViewController2Pro.m */,
				9BC0282C19BEFD5400BB5766 /* ViewController2My.h */,
				9BC0282D19BEFD5400BB5766 /* ViewController2My.m */,
				9BC0283119C0576E00BB5766 /* ViewControllerBase.h */,
				9BC0283219C0576E00BB5766 /* ViewControllerBase.m */,
				9B7E124C19C15C8F00659D97 /* http */,
				9B7E125019C15D8C00659D97 /* data */,
				9BC0286F19C1CA6600C7BBDB /* ViewController2Web.h */,
				9BC0287019C1CA6600C7BBDB /* ViewController2Web.m */,
				9B88159A19C25B500079EF91 /* ViewController3My.h */,
				9B88159B19C25B500079EF91 /* ViewController3My.m */,
			);
			path = baidu;
			sourceTree = "<group>";
		};
		9B4228E819B1A0F700C1F582 /* Supporting Files */ = {
			isa = PBXGroup;
			children = (
				9BE352D319B43F93008B4467 /* backup */,
				9B4228FC19B1A0F700C1F582 /* Images.xcassets */,
				9B39516C19B56C4600E79131 /* focus_image */,
				9B4228E919B1A0F700C1F582 /* baidu-Info.plist */,
				9B4228EA19B1A0F700C1F582 /* InfoPlist.strings */,
				9B4228ED19B1A0F700C1F582 /* main.m */,
				9B4228EF19B1A0F700C1F582 /* baidu-Prefix.pch */,
			);
			name = "Supporting Files";
			sourceTree = "<group>";
		};
		9B42290919B1A0F700C1F582 /* baiduTests */ = {
			isa = PBXGroup;
			children = (
				9B42290F19B1A0F700C1F582 /* baiduTests.m */,
				9B42290A19B1A0F700C1F582 /* Supporting Files */,
			);
			path = baiduTests;
			sourceTree = "<group>";
		};
		9B42290A19B1A0F700C1F582 /* Supporting Files */ = {
			isa = PBXGroup;
			children = (
				9B42290B19B1A0F700C1F582 /* baiduTests-Info.plist */,
				9B42290C19B1A0F700C1F582 /* InfoPlist.strings */,
			);
			name = "Supporting Files";
			sourceTree = "<group>";
		};
		9B7E124C19C15C8F00659D97 /* http */ = {
			isa = PBXGroup;
			children = (
				9B4436E019C8272000557CF9 /* HttpTask.h */,
				9B4436E119C8272000557CF9 /* HttpTask.m */,
				9B7E124919C15C8A00659D97 /* HttpGetImage.h */,
				9B7E124A19C15C8A00659D97 /* HttpGetImage.m */,
			);
			name = http;
			sourceTree = "<group>";
		};
		9B7E125019C15D8C00659D97 /* data */ = {
			isa = PBXGroup;
			children = (
				9B7E124D19C15D4600659D97 /* DataMake.h */,
				9B7E124E19C15D4600659D97 /* DataMake.m */,
				9BC0287219C1DAD700C7BBDB /* HttpGetData.h */,
				9BC0287319C1DAD700C7BBDB /* HttpGetData.m */,
				9BC0287519C1E0D200C7BBDB /* Bean.h */,
				9BC0287619C1E0D200C7BBDB /* Bean.m */,
			);
			name = data;
			sourceTree = "<group>";
		};
		9BC0282B19BEF80800BB5766 /* chart */ = {
			isa = PBXGroup;
			children = (
				9BC0282019BEF80000BB5766 /* PopoverView_Configuration.h */,
				9BC0282119BEF80000BB5766 /* PopoverView.h */,
				9BC0282219BEF80000BB5766 /* PopoverView.m */,
				9BC0282319BEF80000BB5766 /* PopoverViewCompatibility.h */,
				9BC0282419BEF80000BB5766 /* SHLineGraphView.h */,
				9BC0282519BEF80000BB5766 /* SHLineGraphView.m */,
				9BC0282619BEF80000BB5766 /* SHPlot.h */,
				9BC0282719BEF80000BB5766 /* SHPlot.m */,
			);
			name = chart;
			sourceTree = "<group>";
		};
		9BC0286E19C1C9FC00C7BBDB /* xib */ = {
			isa = PBXGroup;
			children = (
				9B4228F319B1A0F700C1F582 /* Main.storyboard */,
				9BC06FC219BB08A0009060CF /* ViewPro.xib */,
				9B612BE819BE943300C5D310 /* ViewProFav.xib */,
				9BC0282F19BEFDE900BB5766 /* ViewProMy.xib */,
				9BE8CC3619C2F79200703B12 /* ViewMyTop.xib */,
			);
			name = xib;
			sourceTree = "<group>";
		};
		9BC06FB919B9F964009060CF /* lock */ = {
			isa = PBXGroup;
			children = (
				9BC06FAE19B9E96D009060CF /* YYLockView.h */,
				9BC06FAF19B9E96D009060CF /* YYLockView.m */,
			);
			name = lock;
			sourceTree = "<group>";
		};
		9BC06FBB19B9F97A009060CF /* lib */ = {
			isa = PBXGroup;
			children = (
				9BC0282B19BEF80800BB5766 /* chart */,
				9B39516319B56A6C00E79131 /* focus */,
				9BC06FB919B9F964009060CF /* lock */,
			);
			name = lib;
			sourceTree = "<group>";
		};
		9BE352D319B43F93008B4467 /* backup */ = {
			isa = PBXGroup;
			children = (
				9BE352D119B43765008B4467 /* bakeup.storyboard */,
				9B4228F619B1A0F700C1F582 /* MoreViewController.h */,
				9B4228F719B1A0F700C1F582 /* MoreViewController.m */,
			);
			name = backup;
			sourceTree = "<group>";
		};
/* End PBXGroup section */

/* Begin PBXNativeTarget section */
		9B4228DD19B1A0F700C1F582 /* baidu */ = {
			isa = PBXNativeTarget;
			buildConfigurationList = 9B42291319B1A0F700C1F582 /* Build configuration list for PBXNativeTarget "baidu" */;
			buildPhases = (
				9B4228DA19B1A0F700C1F582 /* Sources */,
				9B4228DB19B1A0F700C1F582 /* Frameworks */,
				9B4228DC19B1A0F700C1F582 /* Resources */,
			);
			buildRules = (
			);
			dependencies = (
			);
			name = baidu;
			productName = baidu;
			productReference = 9B4228DE19B1A0F700C1F582 /* baidu.app */;
			productType = "com.apple.product-type.application";
		};
		9B42290119B1A0F700C1F582 /* baiduTests */ = {
			isa = PBXNativeTarget;
			buildConfigurationList = 9B42291619B1A0F700C1F582 /* Build configuration list for PBXNativeTarget "baiduTests" */;
			buildPhases = (
				9B4228FE19B1A0F700C1F582 /* Sources */,
				9B4228FF19B1A0F700C1F582 /* Frameworks */,
				9B42290019B1A0F700C1F582 /* Resources */,
			);
			buildRules = (
			);
			dependencies = (
				9B42290819B1A0F700C1F582 /* PBXTargetDependency */,
			);
			name = baiduTests;
			productName = baiduTests;
			productReference = 9B42290219B1A0F700C1F582 /* baiduTests.xctest */;
			productType = "com.apple.product-type.bundle.unit-test";
		};
/* End PBXNativeTarget section */

/* Begin PBXProject section */
		9B4228D619B1A0F700C1F582 /* Project object */ = {
			isa = PBXProject;
			attributes = {
				LastUpgradeCheck = 0510;
				ORGANIZATIONNAME = lee;
				TargetAttributes = {
					9B42290119B1A0F700C1F582 = {
						TestTargetID = 9B4228DD19B1A0F700C1F582;
					};
				};
			};
			buildConfigurationList = 9B4228D919B1A0F700C1F582 /* Build configuration list for PBXProject "baidu" */;
			compatibilityVersion = "Xcode 3.2";
			developmentRegion = English;
			hasScannedForEncodings = 0;
			knownRegions = (
				en,
				Base,
			);
			mainGroup = 9B4228D519B1A0F700C1F582;
			productRefGroup = 9B4228DF19B1A0F700C1F582 /* Products */;
			projectDirPath = "";
			projectRoot = "";
			targets = (
				9B4228DD19B1A0F700C1F582 /* baidu */,
				9B42290119B1A0F700C1F582 /* baiduTests */,
			);
		};
/* End PBXProject section */

/* Begin PBXResourcesBuildPhase section */
		9B4228DC19B1A0F700C1F582 /* Resources */ = {
			isa = PBXResourcesBuildPhase;
			buildActionMask = 2147483647;
			files = (
				9BC06FC319BB08A1009060CF /* ViewPro.xib in Resources */,
				9BE8CC3719C2F79200703B12 /* ViewMyTop.xib in Resources */,
				9B612BE919BE943300C5D310 /* ViewProFav.xib in Resources */,
				9BE352D219B43765008B4467 /* bakeup.storyboard in Resources */,
				9B39517C19B5808200E79131 /* banner3.png in Resources */,
				9B39517A19B5808200E79131 /* banner1.png in Resources */,
				9B4228FD19B1A0F700C1F582 /* Images.xcassets in Resources */,
				9B4228EC19B1A0F700C1F582 /* InfoPlist.strings in Resources */,
				9B39517B19B5808200E79131 /* banner2.png in Resources */,
				9BC0283019BEFDE900BB5766 /* ViewProMy.xib in Resources */,
				9B4228F519B1A0F700C1F582 /* Main.storyboard in Resources */,
			);
			runOnlyForDeploymentPostprocessing = 0;
		};
		9B42290019B1A0F700C1F582 /* Resources */ = {
			isa = PBXResourcesBuildPhase;
			buildActionMask = 2147483647;
			files = (
				9B42290E19B1A0F700C1F582 /* InfoPlist.strings in Resources */,
			);
			runOnlyForDeploymentPostprocessing = 0;
		};
/* End PBXResourcesBuildPhase section */

/* Begin PBXSourcesBuildPhase section */
		9B4228DA19B1A0F700C1F582 /* Sources */ = {
			isa = PBXSourcesBuildPhase;
			buildActionMask = 2147483647;
			files = (
				9BB8B86219B7DE70005F43B2 /* ViewControllerMy.m in Sources */,
				9B7E124F19C15D4600659D97 /* DataMake.m in Sources */,
				9B7E125619C1825500659D97 /* SGFocusImageItem.m in Sources */,
				9BC0287719C1E0D200C7BBDB /* Bean.m in Sources */,
				9BC06FB019B9E96D009060CF /* YYLockView.m in Sources */,
				9BC06FBE19BADBF1009060CF /* ViewController2Lock.m in Sources */,
				9B88159C19C25B500079EF91 /* ViewController3My.m in Sources */,
				9B4228FB19B1A0F700C1F582 /* SecondViewController.m in Sources */,
				9BC0287119C1CA6600C7BBDB /* ViewController2Web.m in Sources */,
				9BC0282819BEF80000BB5766 /* PopoverView.m in Sources */,
				9BC0287419C1DAD700C7BBDB /* HttpGetData.m in Sources */,
				9BC0283319C0577000BB5766 /* ViewControllerBase.m in Sources */,
				9B4228F219B1A0F700C1F582 /* AppDelegate.m in Sources */,
				9B39516F19B56CA900E79131 /* ViewControllerFav.m in Sources */,
				9BC0282919BEF80000BB5766 /* SHLineGraphView.m in Sources */,
				9B4436E519C8284A00557CF9 /* UITableViewMy.m in Sources */,
				9B27A0FA19B401CE0000B49E /* ViewControllerMore.m in Sources */,
				9B4228F819B1A0F700C1F582 /* MoreViewController.m in Sources */,
				9B39517519B5797F00E79131 /* SGFocusImageFrame.m in Sources */,
				9B7E124B19C15C8A00659D97 /* HttpGetImage.m in Sources */,
				9B4436E219C8272000557CF9 /* HttpTask.m in Sources */,
				9BC06FC119BAF935009060CF /* ViewController2Pro.m in Sources */,
				9BC0282A19BEF80000BB5766 /* SHPlot.m in Sources */,
				9BC0282E19BEFD5400BB5766 /* ViewController2My.m in Sources */,
				9B39518019B6E2E500E79131 /* ViewControllerProduct.m in Sources */,
				9B4228EE19B1A0F700C1F582 /* main.m in Sources */,
			);
			runOnlyForDeploymentPostprocessing = 0;
		};
		9B4228FE19B1A0F700C1F582 /* Sources */ = {
			isa = PBXSourcesBuildPhase;
			buildActionMask = 2147483647;
			files = (
				9B42291019B1A0F700C1F582 /* baiduTests.m in Sources */,
			);
			runOnlyForDeploymentPostprocessing = 0;
		};
/* End PBXSourcesBuildPhase section */

/* Begin PBXTargetDependency section */
		9B42290819B1A0F700C1F582 /* PBXTargetDependency */ = {
			isa = PBXTargetDependency;
			target = 9B4228DD19B1A0F700C1F582 /* baidu */;
			targetProxy = 9B42290719B1A0F700C1F582 /* PBXContainerItemProxy */;
		};
/* End PBXTargetDependency section */

/* Begin PBXVariantGroup section */
		9B4228EA19B1A0F700C1F582 /* InfoPlist.strings */ = {
			isa = PBXVariantGroup;
			children = (
				9B4228EB19B1A0F700C1F582 /* en */,
			);
			name = InfoPlist.strings;
			sourceTree = "<group>";
		};
		9B4228F319B1A0F700C1F582 /* Main.storyboard */ = {
			isa = PBXVariantGroup;
			children = (
				9B4228F419B1A0F700C1F582 /* Base */,
			);
			name = Main.storyboard;
			sourceTree = "<group>";
		};
		9B42290C19B1A0F700C1F582 /* InfoPlist.strings */ = {
			isa = PBXVariantGroup;
			children = (
				9B42290D19B1A0F700C1F582 /* en */,
			);
			name = InfoPlist.strings;
			sourceTree = "<group>";
		};
/* End PBXVariantGroup section */

/* Begin XCBuildConfiguration section */
		9B42291119B1A0F700C1F582 /* Debug */ = {
			isa = XCBuildConfiguration;
			buildSettings = {
				ALWAYS_SEARCH_USER_PATHS = NO;
				CLANG_CXX_LANGUAGE_STANDARD = "gnu++0x";
				CLANG_CXX_LIBRARY = "libc++";
				CLANG_ENABLE_MODULES = YES;
				CLANG_ENABLE_OBJC_ARC = YES;
				CLANG_WARN_BOOL_CONVERSION = YES;
				CLANG_WARN_CONSTANT_CONVERSION = YES;
				CLANG_WARN_DIRECT_OBJC_ISA_USAGE = YES_ERROR;
				CLANG_WARN_EMPTY_BODY = YES;
				CLANG_WARN_ENUM_CONVERSION = YES;
				CLANG_WARN_INT_CONVERSION = YES;
				CLANG_WARN_OBJC_ROOT_CLASS = YES_ERROR;
				CLANG_WARN__DUPLICATE_METHOD_MATCH = YES;
				"CODE_SIGN_IDENTITY[sdk=iphoneos*]" = "iPhone Developer";
				COPY_PHASE_STRIP = NO;
				GCC_C_LANGUAGE_STANDARD = gnu99;
				GCC_DYNAMIC_NO_PIC = NO;
				GCC_OPTIMIZATION_LEVEL = 0;
				GCC_PREPROCESSOR_DEFINITIONS = (
					"DEBUG=1",
					"$(inherited)",
				);
				GCC_SYMBOLS_PRIVATE_EXTERN = NO;
				GCC_WARN_64_TO_32_BIT_CONVERSION = YES;
				GCC_WARN_ABOUT_RETURN_TYPE = YES_ERROR;
				GCC_WARN_UNDECLARED_SELECTOR = YES;
				GCC_WARN_UNINITIALIZED_AUTOS = YES_AGGRESSIVE;
				GCC_WARN_UNUSED_FUNCTION = YES;
				GCC_WARN_UNUSED_VARIABLE = YES;
				IPHONEOS_DEPLOYMENT_TARGET = 7.1;
				ONLY_ACTIVE_ARCH = YES;
				SDKROOT = iphoneos;
			};
			name = Debug;
		};
		9B42291219B1A0F700C1F582 /* Release */ = {
			isa = XCBuildConfiguration;
			buildSettings = {
				ALWAYS_SEARCH_USER_PATHS = NO;
				CLANG_CXX_LANGUAGE_STANDARD = "gnu++0x";
				CLANG_CXX_LIBRARY = "libc++";
				CLANG_ENABLE_MODULES = YES;
				CLANG_ENABLE_OBJC_ARC = YES;
				CLANG_WARN_BOOL_CONVERSION = YES;
				CLANG_WARN_CONSTANT_CONVERSION = YES;
				CLANG_WARN_DIRECT_OBJC_ISA_USAGE = YES_ERROR;
				CLANG_WARN_EMPTY_BODY = YES;
				CLANG_WARN_ENUM_CONVERSION = YES;
				CLANG_WARN_INT_CONVERSION = YES;
				CLANG_WARN_OBJC_ROOT_CLASS = YES_ERROR;
				CLANG_WARN__DUPLICATE_METHOD_MATCH = YES;
				"CODE_SIGN_IDENTITY[sdk=iphoneos*]" = "iPhone Developer";
				COPY_PHASE_STRIP = YES;
				ENABLE_NS_ASSERTIONS = NO;
				GCC_C_LANGUAGE_STANDARD = gnu99;
				GCC_WARN_64_TO_32_BIT_CONVERSION = YES;
				GCC_WARN_ABOUT_RETURN_TYPE = YES_ERROR;
				GCC_WARN_UNDECLARED_SELECTOR = YES;
				GCC_WARN_UNINITIALIZED_AUTOS = YES_AGGRESSIVE;
				GCC_WARN_UNUSED_FUNCTION = YES;
				GCC_WARN_UNUSED_VARIABLE = YES;
				IPHONEOS_DEPLOYMENT_TARGET = 7.1;
				SDKROOT = iphoneos;
				VALIDATE_PRODUCT = YES;
			};
			name = Release;
		};
		9B42291419B1A0F700C1F582 /* Debug */ = {
			isa = XCBuildConfiguration;
			buildSettings = {
				ASSETCATALOG_COMPILER_APPICON_NAME = AppIcon;
				ASSETCATALOG_COMPILER_LAUNCHIMAGE_NAME = LaunchImage;
				GCC_PRECOMPILE_PREFIX_HEADER = YES;
				GCC_PREFIX_HEADER = "baidu/baidu-Prefix.pch";
				INFOPLIST_FILE = "baidu/baidu-Info.plist";
				IPHONEOS_DEPLOYMENT_TARGET = 6.0;
				PRODUCT_NAME = "$(TARGET_NAME)";
				WRAPPER_EXTENSION = app;
			};
			name = Debug;
		};
		9B42291519B1A0F700C1F582 /* Release */ = {
			isa = XCBuildConfiguration;
			buildSettings = {
				ASSETCATALOG_COMPILER_APPICON_NAME = AppIcon;
				ASSETCATALOG_COMPILER_LAUNCHIMAGE_NAME = LaunchImage;
				GCC_PRECOMPILE_PREFIX_HEADER = YES;
				GCC_PREFIX_HEADER = "baidu/baidu-Prefix.pch";
				INFOPLIST_FILE = "baidu/baidu-Info.plist";
				IPHONEOS_DEPLOYMENT_TARGET = 6.0;
				PRODUCT_NAME = "$(TARGET_NAME)";
				WRAPPER_EXTENSION = app;
			};
			name = Release;
		};
		9B42291719B1A0F700C1F582 /* Debug */ = {
			isa = XCBuildConfiguration;
			buildSettings = {
				BUNDLE_LOADER = "$(BUILT_PRODUCTS_DIR)/baidu.app/baidu";
				FRAMEWORK_SEARCH_PATHS = (
					"$(SDKROOT)/Developer/Library/Frameworks",
					"$(inherited)",
					"$(DEVELOPER_FRAMEWORKS_DIR)",
				);
				GCC_PRECOMPILE_PREFIX_HEADER = YES;
				GCC_PREFIX_HEADER = "baidu/baidu-Prefix.pch";
				GCC_PREPROCESSOR_DEFINITIONS = (
					"DEBUG=1",
					"$(inherited)",
				);
				INFOPLIST_FILE = "baiduTests/baiduTests-Info.plist";
				PRODUCT_NAME = "$(TARGET_NAME)";
				TEST_HOST = "$(BUNDLE_LOADER)";
				WRAPPER_EXTENSION = xctest;
			};
			name = Debug;
		};
		9B42291819B1A0F700C1F582 /* Release */ = {
			isa = XCBuildConfiguration;
			buildSettings = {
				BUNDLE_LOADER = "$(BUILT_PRODUCTS_DIR)/baidu.app/baidu";
				FRAMEWORK_SEARCH_PATHS = (
					"$(SDKROOT)/Developer/Library/Frameworks",
					"$(inherited)",
					"$(DEVELOPER_FRAMEWORKS_DIR)",
				);
				GCC_PRECOMPILE_PREFIX_HEADER = YES;
				GCC_PREFIX_HEADER = "baidu/baidu-Prefix.pch";
				INFOPLIST_FILE = "baiduTests/baiduTests-Info.plist";
				PRODUCT_NAME = "$(TARGET_NAME)";
				TEST_HOST = "$(BUNDLE_LOADER)";
				WRAPPER_EXTENSION = xctest;
			};
			name = Release;
		};
/* End XCBuildConfiguration section */

/* Begin XCConfigurationList section */
		9B4228D919B1A0F700C1F582 /* Build configuration list for PBXProject "baidu" */ = {
			isa = XCConfigurationList;
			buildConfigurations = (
				9B42291119B1A0F700C1F582 /* Debug */,
				9B42291219B1A0F700C1F582 /* Release */,
			);
			defaultConfigurationIsVisible = 0;
			defaultConfigurationName = Release;
		};
		9B42291319B1A0F700C1F582 /* Build configuration list for PBXNativeTarget "baidu" */ = {
			isa = XCConfigurationList;
			buildConfigurations = (
				9B42291419B1A0F700C1F582 /* Debug */,
				9B42291519B1A0F700C1F582 /* Release */,
			);
			defaultConfigurationIsVisible = 0;
			defaultConfigurationName = Release;
		};
		9B42291619B1A0F700C1F582 /* Build configuration list for PBXNativeTarget "baiduTests" */ = {
			isa = XCConfigurationList;
			buildConfigurations = (
				9B42291719B1A0F700C1F582 /* Debug */,
				9B42291819B1A0F700C1F582 /* Release */,
			);
			defaultConfigurationIsVisible = 0;
			defaultConfigurationName = Release;
		};
/* End XCConfigurationList section */
	};
	rootObject = 9B4228D619B1A0F700C1F582 /* Project object */;
}
